PODS:
  - cloud_firestore (5.6.9):
    - Firebase/Firestore (= 11.13.0)
    - firebase_core
    - Flutter
  - cloud_functions (5.5.2):
    - Firebase/Functions (= 11.13.0)
    - firebase_core
    - Flutter
  - Firebase/Auth (11.13.0):
    - Firebase/CoreOnly
    - FirebaseAuth (~> 11.13.0)
  - Firebase/CoreOnly (11.13.0):
    - FirebaseCore (~> 11.13.0)
  - Firebase/Database (11.13.0):
    - Firebase/CoreOnly
    - FirebaseDatabase (~> 11.13.0)
  - Firebase/Firestore (11.13.0):
    - Firebase/CoreOnly
    - FirebaseFirestore (~> 11.13.0)
  - Firebase/Functions (11.13.0):
    - Firebase/CoreOnly
    - FirebaseFunctions (~> 11.13.0)
  - Firebase/Messaging (11.13.0):
    - Firebase/CoreOnly
    - FirebaseMessaging (~> 11.13.0)
  - Firebase/Storage (11.13.0):
    - Firebase/CoreOnly
    - FirebaseStorage (~> 11.13.0)
  - firebase_auth (5.6.0):
    - Firebase/Auth (= 11.13.0)
    - firebase_core
    - Flutter
  - firebase_core (3.14.0):
    - Firebase/CoreOnly (= 11.13.0)
    - Flutter
  - firebase_database (11.3.7):
    - Firebase/Database (= 11.13.0)
    - firebase_core
    - Flutter
  - firebase_messaging (15.2.7):
    - Firebase/Messaging (= 11.13.0)
    - firebase_core
    - Flutter
  - firebase_storage (12.4.7):
    - Firebase/Storage (= 11.13.0)
    - firebase_core
    - Flutter
  - FirebaseAppCheckInterop (11.14.0)
  - FirebaseAuth (11.13.0):
    - FirebaseAppCheckInterop (~> 11.0)
    - FirebaseAuthInterop (~> 11.0)
    - FirebaseCore (~> 11.13.0)
    - FirebaseCoreExtension (~> 11.13.0)
    - GoogleUtilities/AppDelegateSwizzler (~> 8.1)
    - GoogleUtilities/Environment (~> 8.1)
    - GTMSessionFetcher/Core (< 5.0, >= 3.4)
    - RecaptchaInterop (~> 101.0)
  - FirebaseAuthInterop (11.14.0)
  - FirebaseCore (11.13.0):
    - FirebaseCoreInternal (~> 11.13.0)
    - GoogleUtilities/Environment (~> 8.1)
    - GoogleUtilities/Logger (~> 8.1)
  - FirebaseCoreExtension (11.13.0):
    - FirebaseCore (~> 11.13.0)
  - FirebaseCoreInternal (11.13.0):
    - "GoogleUtilities/NSData+zlib (~> 8.1)"
  - FirebaseDatabase (11.13.0):
    - FirebaseAppCheckInterop (~> 11.0)
    - FirebaseCore (~> 11.13.0)
    - FirebaseSharedSwift (~> 11.0)
    - GoogleUtilities/UserDefaults (~> 8.1)
    - leveldb-library (~> 1.22)
  - FirebaseFirestore (11.13.0):
    - FirebaseFirestoreBinary (= 11.13.0)
  - FirebaseFirestoreAbseilBinary (1.2024072200.0)
  - FirebaseFirestoreBinary (11.13.0):
    - FirebaseCore (= 11.13.0)
    - FirebaseCoreExtension (= 11.13.0)
    - FirebaseFirestoreInternalBinary (= 11.13.0)
    - FirebaseSharedSwift (= 11.13.0)
  - FirebaseFirestoreGRPCBoringSSLBinary (1.69.0)
  - FirebaseFirestoreGRPCCoreBinary (1.69.0):
    - FirebaseFirestoreAbseilBinary (= 1.2024072200.0)
    - FirebaseFirestoreGRPCBoringSSLBinary (= 1.69.0)
  - FirebaseFirestoreGRPCCPPBinary (1.69.0):
    - FirebaseFirestoreAbseilBinary (= 1.2024072200.0)
    - FirebaseFirestoreGRPCCoreBinary (= 1.69.0)
  - FirebaseFirestoreInternalBinary (11.13.0):
    - FirebaseCore (= 11.13.0)
    - FirebaseFirestoreAbseilBinary (= 1.2024072200.0)
    - FirebaseFirestoreGRPCCPPBinary (= 1.69.0)
    - leveldb-library (~> 1.22)
    - nanopb (~> 3.30910.0)
  - FirebaseFunctions (11.13.0):
    - FirebaseAppCheckInterop (~> 11.0)
    - FirebaseAuthInterop (~> 11.0)
    - FirebaseCore (~> 11.13.0)
    - FirebaseCoreExtension (~> 11.13.0)
    - FirebaseMessagingInterop (~> 11.0)
    - FirebaseSharedSwift (~> 11.0)
    - GTMSessionFetcher/Core (< 5.0, >= 3.4)
  - FirebaseInstallations (11.13.0):
    - FirebaseCore (~> 11.13.0)
    - GoogleUtilities/Environment (~> 8.1)
    - GoogleUtilities/UserDefaults (~> 8.1)
    - PromisesObjC (~> 2.4)
  - FirebaseMessaging (11.13.0):
    - FirebaseCore (~> 11.13.0)
    - FirebaseInstallations (~> 11.0)
    - GoogleDataTransport (~> 10.0)
    - GoogleUtilities/AppDelegateSwizzler (~> 8.1)
    - GoogleUtilities/Environment (~> 8.1)
    - GoogleUtilities/Reachability (~> 8.1)
    - GoogleUtilities/UserDefaults (~> 8.1)
    - nanopb (~> 3.30910.0)
  - FirebaseMessagingInterop (11.14.0)
  - FirebaseSharedSwift (11.13.0)
  - FirebaseStorage (11.13.0):
    - FirebaseAppCheckInterop (~> 11.0)
    - FirebaseAuthInterop (~> 11.0)
    - FirebaseCore (~> 11.13.0)
    - FirebaseCoreExtension (~> 11.13.0)
    - GoogleUtilities/Environment (~> 8.1)
    - GTMSessionFetcher/Core (< 5.0, >= 3.4)
  - Flutter (1.0.0)
  - flutter_local_notifications (0.0.1):
    - Flutter
  - GoogleDataTransport (10.1.0):
    - nanopb (~> 3.30910.0)
    - PromisesObjC (~> 2.4)
  - GoogleUtilities/AppDelegateSwizzler (8.1.0):
    - GoogleUtilities/Environment
    - GoogleUtilities/Logger
    - GoogleUtilities/Network
    - GoogleUtilities/Privacy
  - GoogleUtilities/Environment (8.1.0):
    - GoogleUtilities/Privacy
  - GoogleUtilities/Logger (8.1.0):
    - GoogleUtilities/Environment
    - GoogleUtilities/Privacy
  - GoogleUtilities/Network (8.1.0):
    - GoogleUtilities/Logger
    - "GoogleUtilities/NSData+zlib"
    - GoogleUtilities/Privacy
    - GoogleUtilities/Reachability
  - "GoogleUtilities/NSData+zlib (8.1.0)":
    - GoogleUtilities/Privacy
  - GoogleUtilities/Privacy (8.1.0)
  - GoogleUtilities/Reachability (8.1.0):
    - GoogleUtilities/Logger
    - GoogleUtilities/Privacy
  - GoogleUtilities/UserDefaults (8.1.0):
    - GoogleUtilities/Logger
    - GoogleUtilities/Privacy
  - GTMSessionFetcher/Core (4.5.0)
  - image_picker_ios (0.0.1):
    - Flutter
  - integration_test (0.0.1):
    - Flutter
  - leveldb-library (1.22.6)
  - nanopb (3.30910.0):
    - nanopb/decode (= 3.30910.0)
    - nanopb/encode (= 3.30910.0)
  - nanopb/decode (3.30910.0)
  - nanopb/encode (3.30910.0)
  - path_provider_foundation (0.0.1):
    - Flutter
    - FlutterMacOS
  - PromisesObjC (2.4.0)
  - RecaptchaInterop (101.0.0)
  - shared_preferences_foundation (0.0.1):
    - Flutter
    - FlutterMacOS
  - sqflite_darwin (0.0.4):
    - Flutter
    - FlutterMacOS

DEPENDENCIES:
  - cloud_firestore (from `.symlinks/plugins/cloud_firestore/ios`)
  - cloud_functions (from `.symlinks/plugins/cloud_functions/ios`)
  - firebase_auth (from `.symlinks/plugins/firebase_auth/ios`)
  - firebase_core (from `.symlinks/plugins/firebase_core/ios`)
  - firebase_database (from `.symlinks/plugins/firebase_database/ios`)
  - firebase_messaging (from `.symlinks/plugins/firebase_messaging/ios`)
  - firebase_storage (from `.symlinks/plugins/firebase_storage/ios`)
  - FirebaseFirestore (from `https://github.com/invertase/firestore-ios-sdk-frameworks.git`, tag `11.13.0`)
  - Flutter (from `Flutter`)
  - flutter_local_notifications (from `.symlinks/plugins/flutter_local_notifications/ios`)
  - image_picker_ios (from `.symlinks/plugins/image_picker_ios/ios`)
  - integration_test (from `.symlinks/plugins/integration_test/ios`)
  - path_provider_foundation (from `.symlinks/plugins/path_provider_foundation/darwin`)
  - shared_preferences_foundation (from `.symlinks/plugins/shared_preferences_foundation/darwin`)
  - sqflite_darwin (from `.symlinks/plugins/sqflite_darwin/darwin`)

SPEC REPOS:
  trunk:
    - Firebase
    - FirebaseAppCheckInterop
    - FirebaseAuth
    - FirebaseAuthInterop
    - FirebaseCore
    - FirebaseCoreExtension
    - FirebaseCoreInternal
    - FirebaseDatabase
    - FirebaseFirestoreAbseilBinary
    - FirebaseFirestoreBinary
    - FirebaseFirestoreGRPCBoringSSLBinary
    - FirebaseFirestoreGRPCCoreBinary
    - FirebaseFirestoreGRPCCPPBinary
    - FirebaseFirestoreInternalBinary
    - FirebaseFunctions
    - FirebaseInstallations
    - FirebaseMessaging
    - FirebaseMessagingInterop
    - FirebaseSharedSwift
    - FirebaseStorage
    - GoogleDataTransport
    - GoogleUtilities
    - GTMSessionFetcher
    - leveldb-library
    - nanopb
    - PromisesObjC
    - RecaptchaInterop

EXTERNAL SOURCES:
  cloud_firestore:
    :path: ".symlinks/plugins/cloud_firestore/ios"
  cloud_functions:
    :path: ".symlinks/plugins/cloud_functions/ios"
  firebase_auth:
    :path: ".symlinks/plugins/firebase_auth/ios"
  firebase_core:
    :path: ".symlinks/plugins/firebase_core/ios"
  firebase_database:
    :path: ".symlinks/plugins/firebase_database/ios"
  firebase_messaging:
    :path: ".symlinks/plugins/firebase_messaging/ios"
  firebase_storage:
    :path: ".symlinks/plugins/firebase_storage/ios"
  FirebaseFirestore:
    :git: https://github.com/invertase/firestore-ios-sdk-frameworks.git
    :tag: 11.13.0
  Flutter:
    :path: Flutter
  flutter_local_notifications:
    :path: ".symlinks/plugins/flutter_local_notifications/ios"
  image_picker_ios:
    :path: ".symlinks/plugins/image_picker_ios/ios"
  integration_test:
    :path: ".symlinks/plugins/integration_test/ios"
  path_provider_foundation:
    :path: ".symlinks/plugins/path_provider_foundation/darwin"
  shared_preferences_foundation:
    :path: ".symlinks/plugins/shared_preferences_foundation/darwin"
  sqflite_darwin:
    :path: ".symlinks/plugins/sqflite_darwin/darwin"

CHECKOUT OPTIONS:
  FirebaseFirestore:
    :git: https://github.com/invertase/firestore-ios-sdk-frameworks.git
    :tag: 11.13.0

SPEC CHECKSUMS:
  cloud_firestore: 2fdc3301bcc486957ff7fa705430a185468c1987
  cloud_functions: 9c4252b4a2372f96feb0bf5368e1b850c47505ca
  Firebase: 3435bc66b4d494c2f22c79fd3aae4c1db6662327
  firebase_auth: ebc1f561cc3077efebad5005974c9ed58008973b
  firebase_core: 700bac7ed92bb754fd70fbf01d72b36ecdd6d450
  firebase_database: c808dcb003584f9925917e3b84c2a6547de31117
  firebase_messaging: 860c017fcfbb5e27c163062d1d3135388f3ef954
  firebase_storage: 17e3f7e7ee83680abb6aad6a28fe1404bf6b5a53
  FirebaseAppCheckInterop: a92ba81d0ee3c4cddb1a2e52c668ea51dc63c3ae
  FirebaseAuth: 175cb5503dfdb52191b8ff81cdd52c1d9dee9ac9
  FirebaseAuthInterop: e25b58ecb90f3285085fa2118861a3c9dfdc62ad
  FirebaseCore: c692c7f1c75305ab6aff2b367f25e11d73aa8bd0
  FirebaseCoreExtension: c048485c347616dba6165358dbef765c5197597b
  FirebaseCoreInternal: 29d7b3af4aaf0b8f3ed20b568c13df399b06f68c
  FirebaseDatabase: 56862f137a44061ca740bc05c57285fffb27becc
  FirebaseFirestore: e36466f4eaad740d03ceab30c221c958f16eba52
  FirebaseFirestoreAbseilBinary: 4cfa8823cedc1b774843e04fe578ad279b387f97
  FirebaseFirestoreBinary: 77bfe418e95c78d3c35e57053cc97c02f785d432
  FirebaseFirestoreGRPCBoringSSLBinary: c3dfef3ff448ae2c1c85f9baf9fac5afc4db99fa
  FirebaseFirestoreGRPCCoreBinary: 565534e160a0415d12185f7f171c52a567382fbd
  FirebaseFirestoreGRPCCPPBinary: 6c0134e8d230ee58b9d51dec2a30a48efd6d5dc7
  FirebaseFirestoreInternalBinary: cc52ee20219489d8f035f2ef0542953d0c79c66c
  FirebaseFunctions: 57b6625728d4b171731b6883d49f136bbddcefc8
  FirebaseInstallations: 0ee9074f2c1e86561ace168ee1470dc67aabaf02
  FirebaseMessaging: 195bbdb73e6ca1dbc76cd46e73f3552c084ef6e4
  FirebaseMessagingInterop: c07695471ba98ec7d4ffeb3491c34c105f8e8fcc
  FirebaseSharedSwift: aca73668bc95e8efccb618e0167eab05d19d3a75
  FirebaseStorage: 2a3e5402a565e06e121308dadfe0626976fd6b45
  Flutter: e0871f40cf51350855a761d2e70bf5af5b9b5de7
  flutter_local_notifications: a5a732f069baa862e728d839dd2ebb904737effb
  GoogleDataTransport: aae35b7ea0c09004c3797d53c8c41f66f219d6a7
  GoogleUtilities: 00c88b9a86066ef77f0da2fab05f65d7768ed8e1
  GTMSessionFetcher: fc75fc972958dceedee61cb662ae1da7a83a91cf
  image_picker_ios: 7fe1ff8e34c1790d6fff70a32484959f563a928a
  integration_test: 4a889634ef21a45d28d50d622cf412dc6d9f586e
  leveldb-library: cc8b8f8e013647a295ad3f8cd2ddf49a6f19be19
  nanopb: fad817b59e0457d11a5dfbde799381cd727c1275
  path_provider_foundation: 080d55be775b7414fd5a5ef3ac137b97b097e564
  PromisesObjC: f5707f49cb48b9636751c5b2e7d227e43fba9f47
  RecaptchaInterop: 11e0b637842dfb48308d242afc3f448062325aba
  shared_preferences_foundation: 9e1978ff2562383bd5676f64ec4e9aa8fa06a6f7
  sqflite_darwin: 20b2a3a3b70e43edae938624ce550a3cbf66a3d0

PODFILE CHECKSUM: b53a169b699bacb7b19dcff2646df7eec9c5f568

COCOAPODS: 1.16.2
